
Microsoft Visual Studio Solution File, Format Version 12.00
# Visual Studio Version 16
VisualStudioVersion = 16.0.32002.261
MinimumVisualStudioVersion = 10.0.40219.1
Project("{FAE04EC0-301F-11D3-BF4B-00C04F79EFBC}") = "Mission_12", "Mission_12.csproj", "{45554EBF-F66D-46B4-9410-6739CB5BE84F}"
EndProject
Global
	GlobalSection(SolutionConfigurationPlatforms) = preSolution
		Debug|Any CPU = Debug|Any CPU
		Release|Any CPU = Release|Any CPU
	EndGlobalSection
	GlobalSection(ProjectConfigurationPlatforms) = postSolution
		{45554EBF-F66D-46B4-9410-6739CB5BE84F}.Debug|Any CPU.ActiveCfg = Debug|Any CPU
		{45554EBF-F66D-46B4-9410-6739CB5BE84F}.Debug|Any CPU.Build.0 = Debug|Any CPU
		{45554EBF-F66D-46B4-9410-6739CB5BE84F}.Release|Any CPU.ActiveCfg = Release|Any CPU
		{45554EBF-F66D-46B4-9410-6739CB5BE84F}.Release|Any CPU.Build.0 = Release|Any CPU
	EndGlobalSection
	GlobalSection(SolutionProperties) = preSolution
		HideSolutionNode = FALSE
	EndGlobalSection
	GlobalSection(ExtensibilityGlobals) = postSolution
		SolutionGuid = {131336ED-E827-49EA-A169-5FA4B91D74BF}
	EndGlobalSection
EndGlobal
